github.com/wahyunf354/go-say-hello v1.0.0 h1:/Qou6mQS2FVMmfR4phIKsV7FrZFDjIvskrQnuLKFFeg=
github.com/wahyunf354/go-say-hello v1.0.0/go.mod h1:DIzdSqRzWMDVW2NFdFXpCCjbLL5Vhl4fFgRztmP5aB8=
github.com/wahyunf354/go-say-hello v1.5.0 h1:pimqrPQRXph5k1Ii1q7BbTP6HvlSHB2b36xhwgFwq6Q=
github.com/wahyunf354/go-say-hello v1.5.0/go.mod h1:DIzdSqRzWMDVW2NFdFXpCCjbLL5Vhl4fFgRztmP5aB8=
github.com/wahyunf354/go-say-hello/v2 v2.0.0 h1:lj4l7P0exnao/v94m+o9Gx0oGUOt9zRfBcW6i6bnlqM=
github.com/wahyunf354/go-say-hello/v2 v2.0.0/go.mod h1:engj6U/Qd2NybL+4MRZEY/HeN4Wfv3uQ8ARO33rtlpY=
